
Microsoft Visual Studio Solution File, Format Version 12.00
# Visual Studio 15
VisualStudioVersion = 15.0.26730.16
MinimumVisualStudioVersion = 10.0.40219.1
Project("{FAE04EC0-301F-11D3-BF4B-00C04F79EFBC}") = "ReaRobot.Infrastructure", "ReaRobot.Infrastructure\ReaRobot.Infrastructure.csproj", "{4E740639-7AD2-4353-B7E0-A8B548DA32F3}"
EndProject
Project("{FAE04EC0-301F-11D3-BF4B-00C04F79EFBC}") = "ReaRobot.Model", "ReaRobot.Model\ReaRobot.Model.csproj", "{33869DBB-AE89-470E-8201-87C026687C80}"
EndProject
Project("{FAE04EC0-301F-11D3-BF4B-00C04F79EFBC}") = "ReaRobot.Commands", "ReaRobot.Commands\ReaRobot.Commands.csproj", "{B61A48B8-B106-41A4-88E1-547DBD774AA7}"
EndProject
Project("{FAE04EC0-301F-11D3-BF4B-00C04F79EFBC}") = "ReaRobot.Builder", "ReaRobot.Builder\ReaRobot.Builder.csproj", "{8860F2D0-2AF4-461F-892B-E4AD6B453FE9}"
EndProject
Project("{FAE04EC0-301F-11D3-BF4B-00C04F79EFBC}") = "ReaRobot.Console", "ReaRobot.Console\ReaRobot.Console.csproj", "{AD751AE1-D2DD-4952-8B17-DC4ADDC7304A}"
EndProject
Project("{2150E333-8FDC-42A3-9474-1A3956D46DE8}") = "Src", "Src", "{4C90B45F-1232-4C51-968F-A4E55EB3B4DB}"
EndProject
Project("{2150E333-8FDC-42A3-9474-1A3956D46DE8}") = "Tests", "Tests", "{9DEDB005-7633-46A0-AA9E-9A1D8061CE6F}"
EndProject
Project("{FAE04EC0-301F-11D3-BF4B-00C04F79EFBC}") = "ReaRobot.Tests", "ReaRobot.Tests\ReaRobot.Tests.csproj", "{A49C6E30-FF8F-40FB-8025-982B683E630E}"
EndProject
Global
	GlobalSection(SolutionConfigurationPlatforms) = preSolution
		Debug|Any CPU = Debug|Any CPU
		Release|Any CPU = Release|Any CPU
	EndGlobalSection
	GlobalSection(ProjectConfigurationPlatforms) = postSolution
		{4E740639-7AD2-4353-B7E0-A8B548DA32F3}.Debug|Any CPU.ActiveCfg = Debug|Any CPU
		{4E740639-7AD2-4353-B7E0-A8B548DA32F3}.Debug|Any CPU.Build.0 = Debug|Any CPU
		{4E740639-7AD2-4353-B7E0-A8B548DA32F3}.Release|Any CPU.ActiveCfg = Release|Any CPU
		{4E740639-7AD2-4353-B7E0-A8B548DA32F3}.Release|Any CPU.Build.0 = Release|Any CPU
		{33869DBB-AE89-470E-8201-87C026687C80}.Debug|Any CPU.ActiveCfg = Debug|Any CPU
		{33869DBB-AE89-470E-8201-87C026687C80}.Debug|Any CPU.Build.0 = Debug|Any CPU
		{33869DBB-AE89-470E-8201-87C026687C80}.Release|Any CPU.ActiveCfg = Release|Any CPU
		{33869DBB-AE89-470E-8201-87C026687C80}.Release|Any CPU.Build.0 = Release|Any CPU
		{B61A48B8-B106-41A4-88E1-547DBD774AA7}.Debug|Any CPU.ActiveCfg = Debug|Any CPU
		{B61A48B8-B106-41A4-88E1-547DBD774AA7}.Debug|Any CPU.Build.0 = Debug|Any CPU
		{B61A48B8-B106-41A4-88E1-547DBD774AA7}.Release|Any CPU.ActiveCfg = Release|Any CPU
		{B61A48B8-B106-41A4-88E1-547DBD774AA7}.Release|Any CPU.Build.0 = Release|Any CPU
		{8860F2D0-2AF4-461F-892B-E4AD6B453FE9}.Debug|Any CPU.ActiveCfg = Debug|Any CPU
		{8860F2D0-2AF4-461F-892B-E4AD6B453FE9}.Debug|Any CPU.Build.0 = Debug|Any CPU
		{8860F2D0-2AF4-461F-892B-E4AD6B453FE9}.Release|Any CPU.ActiveCfg = Release|Any CPU
		{8860F2D0-2AF4-461F-892B-E4AD6B453FE9}.Release|Any CPU.Build.0 = Release|Any CPU
		{AD751AE1-D2DD-4952-8B17-DC4ADDC7304A}.Debug|Any CPU.ActiveCfg = Debug|Any CPU
		{AD751AE1-D2DD-4952-8B17-DC4ADDC7304A}.Debug|Any CPU.Build.0 = Debug|Any CPU
		{AD751AE1-D2DD-4952-8B17-DC4ADDC7304A}.Release|Any CPU.ActiveCfg = Release|Any CPU
		{AD751AE1-D2DD-4952-8B17-DC4ADDC7304A}.Release|Any CPU.Build.0 = Release|Any CPU
		{A49C6E30-FF8F-40FB-8025-982B683E630E}.Debug|Any CPU.ActiveCfg = Debug|Any CPU
		{A49C6E30-FF8F-40FB-8025-982B683E630E}.Debug|Any CPU.Build.0 = Debug|Any CPU
		{A49C6E30-FF8F-40FB-8025-982B683E630E}.Release|Any CPU.ActiveCfg = Release|Any CPU
		{A49C6E30-FF8F-40FB-8025-982B683E630E}.Release|Any CPU.Build.0 = Release|Any CPU
	EndGlobalSection
	GlobalSection(SolutionProperties) = preSolution
		HideSolutionNode = FALSE
	EndGlobalSection
	GlobalSection(NestedProjects) = preSolution
		{4E740639-7AD2-4353-B7E0-A8B548DA32F3} = {4C90B45F-1232-4C51-968F-A4E55EB3B4DB}
		{33869DBB-AE89-470E-8201-87C026687C80} = {4C90B45F-1232-4C51-968F-A4E55EB3B4DB}
		{B61A48B8-B106-41A4-88E1-547DBD774AA7} = {4C90B45F-1232-4C51-968F-A4E55EB3B4DB}
		{8860F2D0-2AF4-461F-892B-E4AD6B453FE9} = {4C90B45F-1232-4C51-968F-A4E55EB3B4DB}
		{AD751AE1-D2DD-4952-8B17-DC4ADDC7304A} = {4C90B45F-1232-4C51-968F-A4E55EB3B4DB}
		{A49C6E30-FF8F-40FB-8025-982B683E630E} = {9DEDB005-7633-46A0-AA9E-9A1D8061CE6F}
	EndGlobalSection
	GlobalSection(ExtensibilityGlobals) = postSolution
		SolutionGuid = {BC138669-B53A-4586-8D73-DF4E65F6ED7A}
	EndGlobalSection
EndGlobal
